
Microsoft Visual Studio Solution File, Format Version 12.00
# Visual Studio Version 17
VisualStudioVersion = 17.3.32901.215
MinimumVisualStudioVersion = 10.0.40219.1
Project("{FAE04EC0-301F-11D3-BF4B-00C04F79EFBC}") = "Atividade_wins_form_aula", "Atividade_wins_form_aula.csproj", "{09549736-D552-4F7C-A90D-0D6F7D34D8F6}"
EndProject
Global
	GlobalSection(SolutionConfigurationPlatforms) = preSolution
		Debug|Any CPU = Debug|Any CPU
		Release|Any CPU = Release|Any CPU
	EndGlobalSection
	GlobalSection(ProjectConfigurationPlatforms) = postSolution
		{09549736-D552-4F7C-A90D-0D6F7D34D8F6}.Debug|Any CPU.ActiveCfg = Debug|Any CPU
		{09549736-D552-4F7C-A90D-0D6F7D34D8F6}.Debug|Any CPU.Build.0 = Debug|Any CPU
		{09549736-D552-4F7C-A90D-0D6F7D34D8F6}.Release|Any CPU.ActiveCfg = Release|Any CPU
		{09549736-D552-4F7C-A90D-0D6F7D34D8F6}.Release|Any CPU.Build.0 = Release|Any CPU
	EndGlobalSection
	GlobalSection(SolutionProperties) = preSolution
		HideSolutionNode = FALSE
	EndGlobalSection
	GlobalSection(ExtensibilityGlobals) = postSolution
		SolutionGuid = {BA65B257-4359-4A65-A6D4-DC7A54B5B7B0}
	EndGlobalSection
EndGlobal
