
Microsoft Visual Studio Solution File, Format Version 12.00
# Visual Studio Version 17
VisualStudioVersion = 17.3.32901.215
MinimumVisualStudioVersion = 10.0.40219.1
Project("{FAE04EC0-301F-11D3-BF4B-00C04F79EFBC}") = "Orientação a objeto1", "Orientação a objeto1.csproj", "{1A26EA5F-BD92-4138-A3CC-D699BB17A438}"
EndProject
Global
	GlobalSection(SolutionConfigurationPlatforms) = preSolution
		Debug|Any CPU = Debug|Any CPU
		Release|Any CPU = Release|Any CPU
	EndGlobalSection
	GlobalSection(ProjectConfigurationPlatforms) = postSolution
		{1A26EA5F-BD92-4138-A3CC-D699BB17A438}.Debug|Any CPU.ActiveCfg = Debug|Any CPU
		{1A26EA5F-BD92-4138-A3CC-D699BB17A438}.Debug|Any CPU.Build.0 = Debug|Any CPU
		{1A26EA5F-BD92-4138-A3CC-D699BB17A438}.Release|Any CPU.ActiveCfg = Release|Any CPU
		{1A26EA5F-BD92-4138-A3CC-D699BB17A438}.Release|Any CPU.Build.0 = Release|Any CPU
	EndGlobalSection
	GlobalSection(SolutionProperties) = preSolution
		HideSolutionNode = FALSE
	EndGlobalSection
	GlobalSection(ExtensibilityGlobals) = postSolution
		SolutionGuid = {4F63E5D9-10C1-4179-860B-9DA8C03003C4}
	EndGlobalSection
EndGlobal
