
Microsoft Visual Studio Solution File, Format Version 12.00
# Visual Studio Version 17
VisualStudioVersion = 17.3.32901.215
MinimumVisualStudioVersion = 10.0.40219.1
Project("{FAE04EC0-301F-11D3-BF4B-00C04F79EFBC}") = "Dicionario", "Dicionario.csproj", "{739183AA-D245-49E3-A7DD-E305B7F6CD20}"
EndProject
Global
	GlobalSection(SolutionConfigurationPlatforms) = preSolution
		Debug|Any CPU = Debug|Any CPU
		Release|Any CPU = Release|Any CPU
	EndGlobalSection
	GlobalSection(ProjectConfigurationPlatforms) = postSolution
		{739183AA-D245-49E3-A7DD-E305B7F6CD20}.Debug|Any CPU.ActiveCfg = Debug|Any CPU
		{739183AA-D245-49E3-A7DD-E305B7F6CD20}.Debug|Any CPU.Build.0 = Debug|Any CPU
		{739183AA-D245-49E3-A7DD-E305B7F6CD20}.Release|Any CPU.ActiveCfg = Release|Any CPU
		{739183AA-D245-49E3-A7DD-E305B7F6CD20}.Release|Any CPU.Build.0 = Release|Any CPU
	EndGlobalSection
	GlobalSection(SolutionProperties) = preSolution
		HideSolutionNode = FALSE
	EndGlobalSection
	GlobalSection(ExtensibilityGlobals) = postSolution
		SolutionGuid = {060BF44A-1254-4692-A180-38D84DF5D9B1}
	EndGlobalSection
EndGlobal
