
Microsoft Visual Studio Solution File, Format Version 12.00
# Visual Studio Version 17
VisualStudioVersion = 17.3.32901.215
MinimumVisualStudioVersion = 10.0.40219.1
Project("{FAE04EC0-301F-11D3-BF4B-00C04F79EFBC}") = "Desafio1", "Desafio1.csproj", "{AB04A17A-AB1D-49E7-B067-ED49D97B95BC}"
EndProject
Global
	GlobalSection(SolutionConfigurationPlatforms) = preSolution
		Debug|Any CPU = Debug|Any CPU
		Release|Any CPU = Release|Any CPU
	EndGlobalSection
	GlobalSection(ProjectConfigurationPlatforms) = postSolution
		{AB04A17A-AB1D-49E7-B067-ED49D97B95BC}.Debug|Any CPU.ActiveCfg = Debug|Any CPU
		{AB04A17A-AB1D-49E7-B067-ED49D97B95BC}.Debug|Any CPU.Build.0 = Debug|Any CPU
		{AB04A17A-AB1D-49E7-B067-ED49D97B95BC}.Release|Any CPU.ActiveCfg = Release|Any CPU
		{AB04A17A-AB1D-49E7-B067-ED49D97B95BC}.Release|Any CPU.Build.0 = Release|Any CPU
	EndGlobalSection
	GlobalSection(SolutionProperties) = preSolution
		HideSolutionNode = FALSE
	EndGlobalSection
	GlobalSection(ExtensibilityGlobals) = postSolution
		SolutionGuid = {88B05DCE-B782-41E1-998D-DA79E7C4BFD1}
	EndGlobalSection
EndGlobal
