
Microsoft Visual Studio Solution File, Format Version 12.00
# Visual Studio Version 17
VisualStudioVersion = 17.3.32901.215
MinimumVisualStudioVersion = 10.0.40219.1
Project("{FAE04EC0-301F-11D3-BF4B-00C04F79EFBC}") = "ConsoleApp1", "ConsoleApp1.csproj", "{0018EFA3-1A8D-4360-A71F-78AE271F9F1A}"
EndProject
Global
	GlobalSection(SolutionConfigurationPlatforms) = preSolution
		Debug|Any CPU = Debug|Any CPU
		Release|Any CPU = Release|Any CPU
	EndGlobalSection
	GlobalSection(ProjectConfigurationPlatforms) = postSolution
		{0018EFA3-1A8D-4360-A71F-78AE271F9F1A}.Debug|Any CPU.ActiveCfg = Debug|Any CPU
		{0018EFA3-1A8D-4360-A71F-78AE271F9F1A}.Debug|Any CPU.Build.0 = Debug|Any CPU
		{0018EFA3-1A8D-4360-A71F-78AE271F9F1A}.Release|Any CPU.ActiveCfg = Release|Any CPU
		{0018EFA3-1A8D-4360-A71F-78AE271F9F1A}.Release|Any CPU.Build.0 = Release|Any CPU
	EndGlobalSection
	GlobalSection(SolutionProperties) = preSolution
		HideSolutionNode = FALSE
	EndGlobalSection
	GlobalSection(ExtensibilityGlobals) = postSolution
		SolutionGuid = {5B7FBC02-43A7-4A17-A200-956FD0774CD3}
	EndGlobalSection
EndGlobal
